
Microsoft Visual Studio Solution File, Format Version 12.00
# Visual Studio Version 17
VisualStudioVersion = 17.0.31903.59
MinimumVisualStudioVersion = 10.0.40219.1
Project("{2150E333-8FDC-42A3-9474-1A3956D46DE8}") = "src", "src", "{43CCA41D-7ABA-49F7-AAD0-3AA7B5EB9104}"
EndProject
Project("{FAE04EC0-301F-11D3-BF4B-00C04F79EFBC}") = "AuctionService", "src\AuctionService\AuctionService.csproj", "{F181103C-5F19-46F1-8075-DB5788EE9D9D}"
EndProject
Project("{FAE04EC0-301F-11D3-BF4B-00C04F79EFBC}") = "SearchService", "src\SearchService\SearchService.csproj", "{8236D070-6A5B-408A-9F92-2844E3CFDE8E}"
EndProject
Project("{FAE04EC0-301F-11D3-BF4B-00C04F79EFBC}") = "Contracts", "src\Contracts\Contracts.csproj", "{387B8B3C-D9D1-42F5-95E5-D5A78E76AA1A}"
EndProject
Project("{FAE04EC0-301F-11D3-BF4B-00C04F79EFBC}") = "IdentityService", "src\IdentityService\IdentityService.csproj", "{8ACFE3C4-F2AC-45EC-9B66-D4205FBF0640}"
EndProject
Project("{FAE04EC0-301F-11D3-BF4B-00C04F79EFBC}") = "GatewayService", "src\GatewayService\GatewayService.csproj", "{C33D5240-409B-40C3-BC1F-3CD6A9C042B2}"
EndProject
Global
	GlobalSection(SolutionConfigurationPlatforms) = preSolution
		Debug|Any CPU = Debug|Any CPU
		Release|Any CPU = Release|Any CPU
	EndGlobalSection
	GlobalSection(SolutionProperties) = preSolution
		HideSolutionNode = FALSE
	EndGlobalSection
	GlobalSection(ProjectConfigurationPlatforms) = postSolution
		{F181103C-5F19-46F1-8075-DB5788EE9D9D}.Debug|Any CPU.ActiveCfg = Debug|Any CPU
		{F181103C-5F19-46F1-8075-DB5788EE9D9D}.Debug|Any CPU.Build.0 = Debug|Any CPU
		{F181103C-5F19-46F1-8075-DB5788EE9D9D}.Release|Any CPU.ActiveCfg = Release|Any CPU
		{F181103C-5F19-46F1-8075-DB5788EE9D9D}.Release|Any CPU.Build.0 = Release|Any CPU
		{8236D070-6A5B-408A-9F92-2844E3CFDE8E}.Debug|Any CPU.ActiveCfg = Debug|Any CPU
		{8236D070-6A5B-408A-9F92-2844E3CFDE8E}.Debug|Any CPU.Build.0 = Debug|Any CPU
		{8236D070-6A5B-408A-9F92-2844E3CFDE8E}.Release|Any CPU.ActiveCfg = Release|Any CPU
		{8236D070-6A5B-408A-9F92-2844E3CFDE8E}.Release|Any CPU.Build.0 = Release|Any CPU
		{387B8B3C-D9D1-42F5-95E5-D5A78E76AA1A}.Debug|Any CPU.ActiveCfg = Debug|Any CPU
		{387B8B3C-D9D1-42F5-95E5-D5A78E76AA1A}.Debug|Any CPU.Build.0 = Debug|Any CPU
		{387B8B3C-D9D1-42F5-95E5-D5A78E76AA1A}.Release|Any CPU.ActiveCfg = Release|Any CPU
		{387B8B3C-D9D1-42F5-95E5-D5A78E76AA1A}.Release|Any CPU.Build.0 = Release|Any CPU
		{8ACFE3C4-F2AC-45EC-9B66-D4205FBF0640}.Debug|Any CPU.ActiveCfg = Debug|Any CPU
		{8ACFE3C4-F2AC-45EC-9B66-D4205FBF0640}.Debug|Any CPU.Build.0 = Debug|Any CPU
		{8ACFE3C4-F2AC-45EC-9B66-D4205FBF0640}.Release|Any CPU.ActiveCfg = Release|Any CPU
		{8ACFE3C4-F2AC-45EC-9B66-D4205FBF0640}.Release|Any CPU.Build.0 = Release|Any CPU
		{C33D5240-409B-40C3-BC1F-3CD6A9C042B2}.Debug|Any CPU.ActiveCfg = Debug|Any CPU
		{C33D5240-409B-40C3-BC1F-3CD6A9C042B2}.Debug|Any CPU.Build.0 = Debug|Any CPU
		{C33D5240-409B-40C3-BC1F-3CD6A9C042B2}.Release|Any CPU.ActiveCfg = Release|Any CPU
		{C33D5240-409B-40C3-BC1F-3CD6A9C042B2}.Release|Any CPU.Build.0 = Release|Any CPU
	EndGlobalSection
	GlobalSection(NestedProjects) = preSolution
		{F181103C-5F19-46F1-8075-DB5788EE9D9D} = {43CCA41D-7ABA-49F7-AAD0-3AA7B5EB9104}
		{8236D070-6A5B-408A-9F92-2844E3CFDE8E} = {43CCA41D-7ABA-49F7-AAD0-3AA7B5EB9104}
		{387B8B3C-D9D1-42F5-95E5-D5A78E76AA1A} = {43CCA41D-7ABA-49F7-AAD0-3AA7B5EB9104}
		{8ACFE3C4-F2AC-45EC-9B66-D4205FBF0640} = {43CCA41D-7ABA-49F7-AAD0-3AA7B5EB9104}
		{C33D5240-409B-40C3-BC1F-3CD6A9C042B2} = {43CCA41D-7ABA-49F7-AAD0-3AA7B5EB9104}
	EndGlobalSection
EndGlobal
